<?xml version="1.0" encoding="utf-8"?>
<Project ToolsVersion="4.0" xmlns="http://schemas.microsoft.com/developer/msbuild/2003">
  <ItemGroup>
    <Filter Include="Application">
      <UniqueIdentifier>{543ff4af-44e4-43b6-bf55-74f070cfe290}</UniqueIdentifier>
    </Filter>
    <Filter Include="Card">
      <UniqueIdentifier>{2c6f068c-8c6d-4532-9d05-04ff03413c7c}</UniqueIdentifier>
    </Filter>
    <Filter Include="Terminal">
      <UniqueIdentifier>{5f86e223-5ce5-4af7-90fc-3d92fc021bf1}</UniqueIdentifier>
    </Filter>
    <Filter Include="Server">
      <UniqueIdentifier>{4d95a9ef-c7cd-4d93-bb4f-60ee21749701}</UniqueIdentifier>
    </Filter>
  </ItemGroup>
  <ItemGroup>
    <ClInclude Include="card.h">
      <Filter>Card</Filter>
    </ClInclude>
    <ClInclude Include="application.h">
      <Filter>Application</Filter>
    </ClInclude>
    <ClInclude Include="terminal.h">
      <Filter>Terminal</Filter>
    </ClInclude>
    <ClInclude Include="server.h">
      <Filter>Server</Filter>
    </ClInclude>
  </ItemGroup>
  <ItemGroup>
    <ClCompile Include="card.cpp">
      <Filter>Card</Filter>
    </ClCompile>
    <ClCompile Include="application.cpp">
      <Filter>Application</Filter>
    </ClCompile>
    <ClCompile Include="terminal.cpp">
      <Filter>Terminal</Filter>
    </ClCompile>
    <ClCompile Include="server.cpp">
      <Filter>Server</Filter>
    </ClCompile>
  </ItemGroup>
</Project>